
Microsoft Visual Studio Solution File, Format Version 12.00
# Visual Studio 15
VisualStudioVersion = 15.0.26228.12
MinimumVisualStudioVersion = 10.0.40219.1
Project("{FAE04EC0-301F-11D3-BF4B-00C04F79EFBC}") = "PanaeriaDiario", "PanaeriaDiario\PanaeriaDiario.csproj", "{227C05A0-A1BF-4037-A7A5-C2F600D40CDB}"
EndProject
Global
	GlobalSection(SolutionConfigurationPlatforms) = preSolution
		Debug|Any CPU = Debug|Any CPU
		Release|Any CPU = Release|Any CPU
	EndGlobalSection
	GlobalSection(ProjectConfigurationPlatforms) = postSolution
		{227C05A0-A1BF-4037-A7A5-C2F600D40CDB}.Debug|Any CPU.ActiveCfg = Debug|Any CPU
		{227C05A0-A1BF-4037-A7A5-C2F600D40CDB}.Debug|Any CPU.Build.0 = Debug|Any CPU
		{227C05A0-A1BF-4037-A7A5-C2F600D40CDB}.Release|Any CPU.ActiveCfg = Release|Any CPU
		{227C05A0-A1BF-4037-A7A5-C2F600D40CDB}.Release|Any CPU.Build.0 = Release|Any CPU
	EndGlobalSection
	GlobalSection(SolutionProperties) = preSolution
		HideSolutionNode = FALSE
	EndGlobalSection
EndGlobal
